{
    "_readme": [
        "This file locks the dependencies of your project to a known state",
        "Read more about it at https://getcomposer.org/doc/01-basic-usage.md#installing-dependencies",
        "This file is @generated automatically"
    ],
    "content-hash": "25d11a7646440faec511c08593545053",
    "packages": [
        {
            "name": "phpquery/phpquery",
            "version": "0.0.1",
            "source": {
                "type": "git",
                "url": "https://github.com/elboza/PhpQuery.git",
                "reference": "bb781306fec808e34f2143da9dff28547d742c12"
            },
            "dist": {
                "type": "zip",
                "url": "https://api.github.com/repos/elboza/PhpQuery/zipball/bb781306fec808e34f2143da9dff28547d742c12",
                "reference": "bb781306fec808e34f2143da9dff28547d742c12",
                "shasum": ""
            },
            "type": "library",
            "autoload": {
                "psr-4": {
                    "PhpQuery\\": "src/"
                }
            },
            "notification-url": "https://packagist.org/downloads/",
            "license": [
                "Beerware"
            ],
            "authors": [
                {
                    "name": "Fernando Iazeolla",
                    "email": "fernando.iazeolla@gmail.com"
                }
            ],
            "description": "jquery for php",
            "time": "2018-04-21T16:49:30+00:00"
        },
        {
            "name": "zomberg/phpquery",
            "version": "dev-master",
            "source": {
                "type": "git",
                "url": "https://github.com/zomberg/phpquery.git",
                "reference": "974b764ecb6bd09aecb5acff08345b562dd39131"
            },
            "dist": {
                "type": "zip",
                "url": "https://api.github.com/repos/zomberg/phpquery/zipball/974b764ecb6bd09aecb5acff08345b562dd39131",
                "reference": "974b764ecb6bd09aecb5acff08345b562dd39131",
                "shasum": ""
            },
            "type": "library",
            "autoload": {
                "classmap": [
                    "phpQuery/"
                ]
            },
            "notification-url": "https://packagist.org/downloads/",
            "license": [
                "MIT"
            ],
            "authors": [
                {
                    "name": "Tobiasz Cudnik",
                    "email": "tobiasz.cudnik@gmail.com",
                    "homepage": "https://github.com/TobiaszCudnik",
                    "role": "Developer"
                },
                {
                    "name": "Vyacheslav Pavlov",
                    "homepage": "https://github.com/zomberg",
                    "role": "Packager"
                }
            ],
            "description": "phpQuery is a server-side, chainable, CSS3 selector driven Document Object Model (DOM) API based on jQuery JavaScript Library",
            "homepage": "http://code.google.com/p/phpquery/",
            "keywords": [
                "lib",
                "phpQuery"
            ],
            "time": "2017-07-26T10:29:48+00:00"
        }
    ],
    "packages-dev": [],
    "aliases": [],
    "minimum-stability": "stable",
    "stability-flags": {
        "zomberg/phpquery": 20
    },
    "prefer-stable": false,
    "prefer-lowest": false,
    "platform": [],
    "platform-dev": []
}
